{
  "requires": true,
  "lockfileVersion": 1,
  "dependencies": {
    "mobx": {
      "version": "3.0.0",
      "resolved": "https://registry.npmjs.org/mobx/-/mobx-3.0.0.tgz",
      "integrity": "sha512-fX5zoSPGbb0ewl7h1wjNVDkQ9++tfllMMjkdwARnx4ROPTDtpIqb65Rmtwfknjdx01GccPs0QxyexWFAPVdeAA=="
    }
  }
}
