
Microsoft Visual Studio Solution File, Format Version 12.00
# Visual Studio Version 17
VisualStudioVersion = 17.3.32929.385
MinimumVisualStudioVersion = 10.0.40219.1
Project("{9A19103F-16F7-4668-BE54-9A1E7A4F7556}") = "Portal", "Portal\Portal.csproj", "{1C72BE41-94F9-432F-B235-82EE50D16CAC}"
EndProject
Project("{9A19103F-16F7-4668-BE54-9A1E7A4F7556}") = "Application", "Application\Application.csproj", "{3DF6441E-F1A9-4DD6-AB79-E3068BD35186}"
EndProject
Project("{9A19103F-16F7-4668-BE54-9A1E7A4F7556}") = "Infrastructure", "Infrastructure\Infrastructure.csproj", "{9DBF6A4A-8E14-4665-A092-C36757BFB47F}"
EndProject
Project("{9A19103F-16F7-4668-BE54-9A1E7A4F7556}") = "Core", "Core\Core.csproj", "{D6126A2D-158A-4FBE-99D4-A8CCC3DA156C}"
EndProject
Project("{FAE04EC0-301F-11D3-BF4B-00C04F79EFBC}") = "TaskRunner", "TaskRunner\TaskRunner.csproj", "{DA7C57DB-DB84-47B8-AE6A-CDDF61FE2E69}"
EndProject
Global
	GlobalSection(SolutionConfigurationPlatforms) = preSolution
		Debug|Any CPU = Debug|Any CPU
		Release|Any CPU = Release|Any CPU
	EndGlobalSection
	GlobalSection(ProjectConfigurationPlatforms) = postSolution
		{1C72BE41-94F9-432F-B235-82EE50D16CAC}.Debug|Any CPU.ActiveCfg = Debug|Any CPU
		{1C72BE41-94F9-432F-B235-82EE50D16CAC}.Debug|Any CPU.Build.0 = Debug|Any CPU
		{1C72BE41-94F9-432F-B235-82EE50D16CAC}.Release|Any CPU.ActiveCfg = Release|Any CPU
		{1C72BE41-94F9-432F-B235-82EE50D16CAC}.Release|Any CPU.Build.0 = Release|Any CPU
		{3DF6441E-F1A9-4DD6-AB79-E3068BD35186}.Debug|Any CPU.ActiveCfg = Debug|Any CPU
		{3DF6441E-F1A9-4DD6-AB79-E3068BD35186}.Debug|Any CPU.Build.0 = Debug|Any CPU
		{3DF6441E-F1A9-4DD6-AB79-E3068BD35186}.Release|Any CPU.ActiveCfg = Release|Any CPU
		{3DF6441E-F1A9-4DD6-AB79-E3068BD35186}.Release|Any CPU.Build.0 = Release|Any CPU
		{9DBF6A4A-8E14-4665-A092-C36757BFB47F}.Debug|Any CPU.ActiveCfg = Debug|Any CPU
		{9DBF6A4A-8E14-4665-A092-C36757BFB47F}.Debug|Any CPU.Build.0 = Debug|Any CPU
		{9DBF6A4A-8E14-4665-A092-C36757BFB47F}.Release|Any CPU.ActiveCfg = Release|Any CPU
		{9DBF6A4A-8E14-4665-A092-C36757BFB47F}.Release|Any CPU.Build.0 = Release|Any CPU
		{D6126A2D-158A-4FBE-99D4-A8CCC3DA156C}.Debug|Any CPU.ActiveCfg = Debug|Any CPU
		{D6126A2D-158A-4FBE-99D4-A8CCC3DA156C}.Debug|Any CPU.Build.0 = Debug|Any CPU
		{D6126A2D-158A-4FBE-99D4-A8CCC3DA156C}.Release|Any CPU.ActiveCfg = Release|Any CPU
		{D6126A2D-158A-4FBE-99D4-A8CCC3DA156C}.Release|Any CPU.Build.0 = Release|Any CPU
		{DA7C57DB-DB84-47B8-AE6A-CDDF61FE2E69}.Debug|Any CPU.ActiveCfg = Debug|Any CPU
		{DA7C57DB-DB84-47B8-AE6A-CDDF61FE2E69}.Debug|Any CPU.Build.0 = Debug|Any CPU
		{DA7C57DB-DB84-47B8-AE6A-CDDF61FE2E69}.Release|Any CPU.ActiveCfg = Release|Any CPU
		{DA7C57DB-DB84-47B8-AE6A-CDDF61FE2E69}.Release|Any CPU.Build.0 = Release|Any CPU
	EndGlobalSection
	GlobalSection(SolutionProperties) = preSolution
		HideSolutionNode = FALSE
	EndGlobalSection
	GlobalSection(ExtensibilityGlobals) = postSolution
		SolutionGuid = {482A718D-AB49-4FE0-B27C-B3C60B7995BB}
	EndGlobalSection
EndGlobal
